# This file is automatically @generated by Cargo.
# It is not intended for manual editing.
version = 3

[[package]]
name = "generic-upper-bound"
version = "3.1.1"
dependencies = [
 "type-const",
]

[[package]]
name = "type-const"
version = "1.1.1"
source = "registry+https://github.com/rust-lang/crates.io-index"
checksum = "e47bab1beb61fe8f113ed26fb20f6b2070698da4953323be86632d61c7defc99"
