# This file is automatically @generated by Cargo.
# It is not intended for manual editing.
version = 3

[[package]]
name = "generic-upper-bound"
version = "3.1.2"
dependencies = [
 "type-const",
]

[[package]]
name = "type-const"
version = "1.1.2"
source = "registry+https://github.com/rust-lang/crates.io-index"
checksum = "8a6418f7d5c88bf94b37647d6e4b3847e8c5291181e0b5e04f0c760494243130"
